
Microsoft Visual Studio Solution File, Format Version 12.00
# Visual Studio Version 16
VisualStudioVersion = 16.0.30711.63
MinimumVisualStudioVersion = 10.0.40219.1
Project("{FAE04EC0-301F-11D3-BF4B-00C04F79EFBC}") = "FrameWork.WebAPI", "FrameWork.WebAPI\FrameWork.WebAPI.csproj", "{0A25C4BB-0898-408D-98D2-25E0FB65034E}"
EndProject
Project("{FAE04EC0-301F-11D3-BF4B-00C04F79EFBC}") = "WebServices", "WebServices\WebServices.csproj", "{35554CB3-E1AC-407B-97B1-228B2D0CF800}"
EndProject
Project("{FAE04EC0-301F-11D3-BF4B-00C04F79EFBC}") = "Utilities", "Utilities\Utilities.csproj", "{8176EB49-A9FD-4712-B669-72A93897F19A}"
EndProject
Global
	GlobalSection(SolutionConfigurationPlatforms) = preSolution
		Debug|Any CPU = Debug|Any CPU
		Release|Any CPU = Release|Any CPU
	EndGlobalSection
	GlobalSection(ProjectConfigurationPlatforms) = postSolution
		{0A25C4BB-0898-408D-98D2-25E0FB65034E}.Debug|Any CPU.ActiveCfg = Debug|Any CPU
		{0A25C4BB-0898-408D-98D2-25E0FB65034E}.Debug|Any CPU.Build.0 = Debug|Any CPU
		{0A25C4BB-0898-408D-98D2-25E0FB65034E}.Release|Any CPU.ActiveCfg = Release|Any CPU
		{0A25C4BB-0898-408D-98D2-25E0FB65034E}.Release|Any CPU.Build.0 = Release|Any CPU
		{35554CB3-E1AC-407B-97B1-228B2D0CF800}.Debug|Any CPU.ActiveCfg = Debug|Any CPU
		{35554CB3-E1AC-407B-97B1-228B2D0CF800}.Debug|Any CPU.Build.0 = Debug|Any CPU
		{35554CB3-E1AC-407B-97B1-228B2D0CF800}.Release|Any CPU.ActiveCfg = Release|Any CPU
		{35554CB3-E1AC-407B-97B1-228B2D0CF800}.Release|Any CPU.Build.0 = Release|Any CPU
		{8176EB49-A9FD-4712-B669-72A93897F19A}.Debug|Any CPU.ActiveCfg = Debug|Any CPU
		{8176EB49-A9FD-4712-B669-72A93897F19A}.Debug|Any CPU.Build.0 = Debug|Any CPU
		{8176EB49-A9FD-4712-B669-72A93897F19A}.Release|Any CPU.ActiveCfg = Release|Any CPU
		{8176EB49-A9FD-4712-B669-72A93897F19A}.Release|Any CPU.Build.0 = Release|Any CPU
	EndGlobalSection
	GlobalSection(SolutionProperties) = preSolution
		HideSolutionNode = FALSE
	EndGlobalSection
	GlobalSection(ExtensibilityGlobals) = postSolution
		SolutionGuid = {692195A6-AE3F-4164-8299-6DD3D4B1BA58}
	EndGlobalSection
EndGlobal
